
Microsoft Visual Studio Solution File, Format Version 12.00
# Visual Studio Version 16
VisualStudioVersion = 16.0.31624.102
MinimumVisualStudioVersion = 10.0.40219.1
Project("{FAE04EC0-301F-11D3-BF4B-00C04F79EFBC}") = "Client_TrinhPhucHieu", "Client_TrinhPhucHieu.csproj", "{788FAE32-E2D1-403B-8C1A-23AAABF95555}"
EndProject
Project("{FAE04EC0-301F-11D3-BF4B-00C04F79EFBC}") = "Server_TrinhPhucHieu", "..\Server_TrinhPhucHieu\Server_TrinhPhucHieu.csproj", "{00C41FC5-A1CC-4F8D-A8C3-2BB716520B1D}"
EndProject
Global
	GlobalSection(SolutionConfigurationPlatforms) = preSolution
		Debug|Any CPU = Debug|Any CPU
		Release|Any CPU = Release|Any CPU
	EndGlobalSection
	GlobalSection(ProjectConfigurationPlatforms) = postSolution
		{788FAE32-E2D1-403B-8C1A-23AAABF95555}.Debug|Any CPU.ActiveCfg = Debug|Any CPU
		{788FAE32-E2D1-403B-8C1A-23AAABF95555}.Debug|Any CPU.Build.0 = Debug|Any CPU
		{788FAE32-E2D1-403B-8C1A-23AAABF95555}.Release|Any CPU.ActiveCfg = Release|Any CPU
		{788FAE32-E2D1-403B-8C1A-23AAABF95555}.Release|Any CPU.Build.0 = Release|Any CPU
		{00C41FC5-A1CC-4F8D-A8C3-2BB716520B1D}.Debug|Any CPU.ActiveCfg = Debug|Any CPU
		{00C41FC5-A1CC-4F8D-A8C3-2BB716520B1D}.Debug|Any CPU.Build.0 = Debug|Any CPU
		{00C41FC5-A1CC-4F8D-A8C3-2BB716520B1D}.Release|Any CPU.ActiveCfg = Release|Any CPU
		{00C41FC5-A1CC-4F8D-A8C3-2BB716520B1D}.Release|Any CPU.Build.0 = Release|Any CPU
	EndGlobalSection
	GlobalSection(SolutionProperties) = preSolution
		HideSolutionNode = FALSE
	EndGlobalSection
	GlobalSection(ExtensibilityGlobals) = postSolution
		SolutionGuid = {AB0339A2-6341-4016-A7B9-F7873445601A}
	EndGlobalSection
EndGlobal
